
Microsoft Visual Studio Solution File, Format Version 12.00
Project("{FAE04EC0-301F-11D3-BF4B-00C04F79EFBC}") = "BusStop", "BusStop\BusStop.csproj", "{876A5D05-79AE-4DA3-8A0B-AC7A1B0DF14A}"
EndProject
Global
	GlobalSection(SolutionConfigurationPlatforms) = preSolution
		Debug|Any CPU = Debug|Any CPU
		Release|Any CPU = Release|Any CPU
	EndGlobalSection
	GlobalSection(ProjectConfigurationPlatforms) = postSolution
		{876A5D05-79AE-4DA3-8A0B-AC7A1B0DF14A}.Debug|Any CPU.ActiveCfg = Debug|Any CPU
		{876A5D05-79AE-4DA3-8A0B-AC7A1B0DF14A}.Debug|Any CPU.Build.0 = Debug|Any CPU
		{876A5D05-79AE-4DA3-8A0B-AC7A1B0DF14A}.Release|Any CPU.ActiveCfg = Release|Any CPU
		{876A5D05-79AE-4DA3-8A0B-AC7A1B0DF14A}.Release|Any CPU.Build.0 = Release|Any CPU
	EndGlobalSection
EndGlobal
